
Microsoft Visual Studio Solution File, Format Version 12.00
# Visual Studio Version 16
VisualStudioVersion = 16.0.32901.82
MinimumVisualStudioVersion = 10.0.40219.1
Project("{FAE04EC0-301F-11D3-BF4B-00C04F79EFBC}") = "Operadores", "Operadores\Operadores.csproj", "{44081D11-AB1C-482C-91EC-501FF012C219}"
EndProject
Global
	GlobalSection(SolutionConfigurationPlatforms) = preSolution
		Debug|Any CPU = Debug|Any CPU
		Release|Any CPU = Release|Any CPU
	EndGlobalSection
	GlobalSection(ProjectConfigurationPlatforms) = postSolution
		{44081D11-AB1C-482C-91EC-501FF012C219}.Debug|Any CPU.ActiveCfg = Debug|Any CPU
		{44081D11-AB1C-482C-91EC-501FF012C219}.Debug|Any CPU.Build.0 = Debug|Any CPU
		{44081D11-AB1C-482C-91EC-501FF012C219}.Release|Any CPU.ActiveCfg = Release|Any CPU
		{44081D11-AB1C-482C-91EC-501FF012C219}.Release|Any CPU.Build.0 = Release|Any CPU
	EndGlobalSection
	GlobalSection(SolutionProperties) = preSolution
		HideSolutionNode = FALSE
	EndGlobalSection
	GlobalSection(ExtensibilityGlobals) = postSolution
		SolutionGuid = {C52AA1C5-6252-445D-994C-9ADEF6FB8705}
	EndGlobalSection
EndGlobal
